# This file was generated by Aiken
# You typically do not need to edit this file

[[requirements]]
name = "aiken-lang/stdlib"
version = "1.8.0"
source = "github"

[[requirements]]
name = "aiken-lang/fuzz"
version = "main"
source = "github"

[[requirements]]
name = "aiken-lang/sparse-merkle-tree"
version = "main"
source = "github"

[[packages]]
name = "aiken-lang/stdlib"
version = "1.8.0"
requirements = []
source = "github"

[[packages]]
name = "aiken-lang/fuzz"
version = "main"
requirements = []
source = "github"

[[packages]]
name = "aiken-lang/sparse-merkle-tree"
version = "main"
requirements = []
source = "github"

[etags]
"aiken-lang/fuzz@main" = [{ secs_since_epoch = 1717273758, nanos_since_epoch = 207678000 }, "98cf81aa68f9ccf68bc5aba9be06d06cb1db6e8eff60b668ed5e8ddf3588206b"]
"aiken-lang/sparse-merkle-tree@main" = [{ secs_since_epoch = 1717273758, nanos_since_epoch = 408846000 }, "2fef7689568164355a03d2e4c77b117aec5db240ed31497c846a84fd5a79edb4"]
