# This file was generated by Aiken
# You typically do not need to edit this file

[[requirements]]
name = "aiken-lang/stdlib"
version = "1.9.0"
source = "github"

[[requirements]]
name = "aiken-lang/fuzz"
version = "main"
source = "github"

[[requirements]]
name = "aiken-lang/sparse-merkle-tree"
version = "main"
source = "github"

[[packages]]
name = "aiken-lang/stdlib"
version = "1.9.0"
requirements = []
source = "github"

[[packages]]
name = "aiken-lang/fuzz"
version = "main"
requirements = []
source = "github"

[[packages]]
name = "aiken-lang/sparse-merkle-tree"
version = "main"
requirements = []
source = "github"

[etags]
"aiken-lang/fuzz@main" = [{ secs_since_epoch = 1719706506, nanos_since_epoch = 372363000 }, "a8294651f1577c671d580c99c9bc5445ef1fd44e4aa3dde550434a4cbc8d50b6"]
"aiken-lang/sparse-merkle-tree@main" = [{ secs_since_epoch = 1719706506, nanos_since_epoch = 549403000 }, "076db86c829f1bf2be5e996c9c1a714efcb761452d8abb8ae2b311e95c4aa6ed"]
