{
  "name": "paima-executor",
  "version": "1.0.0",
  "lockfileVersion": 2,
  "requires": true,
  "packages": {
    "": {
      "name": "paima-executor",
      "version": "1.0.0",
      "license": "ISC",
      "dependencies": {
        "prando": "^6.0.1"
      },
      "devDependencies": {
        "typescript": "^4.7.4"
      }
    },
    "node_modules/prando": {
      "version": "6.0.1",
      "resolved": "https://registry.npmjs.org/prando/-/prando-6.0.1.tgz",
      "integrity": "sha512-ghUWxQ1T9IJmPu6eshc3VU0OwveUtXQ33ZLXYUcz1Oc5ppKLDXKp0TBDj6b0epwhEctzcQSNGR2iHyvQSn4W5A=="
    },
    "node_modules/typescript": {
      "version": "4.7.4",
      "resolved": "https://registry.npmjs.org/typescript/-/typescript-4.7.4.tgz",
      "integrity": "sha512-C0WQT0gezHuw6AdY1M2jxUO83Rjf0HP7Sk1DtXj6j1EwkQNZrHAg2XPWlq62oqEhYvONq5pkC2Y9oPljWToLmQ==",
      "dev": true,
      "bin": {
        "tsc": "bin/tsc",
        "tsserver": "bin/tsserver"
      },
      "engines": {
        "node": ">=4.2.0"
      }
    }
  },
  "dependencies": {
    "prando": {
      "version": "6.0.1",
      "resolved": "https://registry.npmjs.org/prando/-/prando-6.0.1.tgz",
      "integrity": "sha512-ghUWxQ1T9IJmPu6eshc3VU0OwveUtXQ33ZLXYUcz1Oc5ppKLDXKp0TBDj6b0epwhEctzcQSNGR2iHyvQSn4W5A=="
    },
    "typescript": {
      "version": "4.7.4",
      "resolved": "https://registry.npmjs.org/typescript/-/typescript-4.7.4.tgz",
      "integrity": "sha512-C0WQT0gezHuw6AdY1M2jxUO83Rjf0HP7Sk1DtXj6j1EwkQNZrHAg2XPWlq62oqEhYvONq5pkC2Y9oPljWToLmQ==",
      "dev": true
    }
  }
}
